Microsoft Visual Studio Solution File, Format Version 12.00
# Visual Studio Version 17
VisualStudioVersion = 17.5.2.0
MinimumVisualStudioVersion = 10.0.40219.1
Project("{FAE04EC0-301F-11D3-BF4B-00C04F79EFBC}") = "ClassesDemo", "ClassesDemo.csproj", "{1CF20D25-8915-3034-61DE-8C2DD61F2173}"
EndProject
Global
	GlobalSection(SolutionConfigurationPlatforms) = preSolution
		Debug|Any CPU = Debug|Any CPU
		Release|Any CPU = Release|Any CPU
	EndGlobalSection
	GlobalSection(ProjectConfigurationPlatforms) = postSolution
		{1CF20D25-8915-3034-61DE-8C2DD61F2173}.Debug|Any CPU.ActiveCfg = Debug|Any CPU
		{1CF20D25-8915-3034-61DE-8C2DD61F2173}.Debug|Any CPU.Build.0 = Debug|Any CPU
		{1CF20D25-8915-3034-61DE-8C2DD61F2173}.Release|Any CPU.ActiveCfg = Release|Any CPU
		{1CF20D25-8915-3034-61DE-8C2DD61F2173}.Release|Any CPU.Build.0 = Release|Any CPU
	EndGlobalSection
	GlobalSection(SolutionProperties) = preSolution
		HideSolutionNode = FALSE
	EndGlobalSection
	GlobalSection(ExtensibilityGlobals) = postSolution
		SolutionGuid = {40EF9D9E-874A-4132-92CE-D43B74F2F1B3}
	EndGlobalSection
EndGlobal
